
Microsoft Visual Studio Solution File, Format Version 12.00
# Visual Studio 14
VisualStudioVersion = 14.0.25420.1
MinimumVisualStudioVersion = 10.0.40219.1
Project("{2150E333-8FDC-42A3-9474-1A3956D46DE8}") = "1.Infrastructure", "1.Infrastructure", "{8258C0E5-59FD-4B7A-A28A-AF42ECEBA191}"
EndProject
Project("{2150E333-8FDC-42A3-9474-1A3956D46DE8}") = "1.1Model", "1.1Model", "{A718563A-D882-4EA7-867D-C73A30701924}"
EndProject
Project("{2150E333-8FDC-42A3-9474-1A3956D46DE8}") = "1.2Data", "1.2Data", "{32A2607D-4866-4323-9E45-CCB4292947EA}"
EndProject
Project("{2150E333-8FDC-42A3-9474-1A3956D46DE8}") = "1.3Domain", "1.3Domain", "{9C3A51F0-9F0A-4A62-BA21-58EA17D61D3D}"
EndProject
Project("{2150E333-8FDC-42A3-9474-1A3956D46DE8}") = "1.4Services", "1.4Services", "{EF608817-1FA8-4790-8747-DC38463020A3}"
EndProject
Project("{8BB2217D-0F2D-49D1-97BC-3654ED321F3B}") = "Infrastructure.Data", "Infrastructure.Data\Infrastructure.Data.xproj", "{D87CD7D7-BE52-418F-A227-41EA0E9AF0BD}"
EndProject
Project("{8BB2217D-0F2D-49D1-97BC-3654ED321F3B}") = "Infrastructure.Model", "Infrastructure.Model\Infrastructure.Model.xproj", "{2EA2F648-1917-4F38-8C63-C9EE800CC3C2}"
EndProject
Project("{2150E333-8FDC-42A3-9474-1A3956D46DE8}") = "2.Resources", "2.Resources", "{C1F730CF-15A3-41FC-ABA8-98FAC1484E70}"
EndProject
Project("{2150E333-8FDC-42A3-9474-1A3956D46DE8}") = "2.1Model", "2.1Model", "{1C76A344-6053-425D-900A-62CAF13D8B66}"
EndProject
Project("{8BB2217D-0F2D-49D1-97BC-3654ED321F3B}") = "Resources.Model", "Resources.Model\Resources.Model.xproj", "{F520C3E3-F7F6-4658-83A1-B6EB37A4C071}"
EndProject
Project("{2150E333-8FDC-42A3-9474-1A3956D46DE8}") = "2.2Data", "2.2Data", "{0378D5C3-7BBF-4ADE-9FE4-302A078F9A06}"
EndProject
Project("{8BB2217D-0F2D-49D1-97BC-3654ED321F3B}") = "Resources.Data", "Resources.Data\Resources.Data.xproj", "{38712ECA-87B1-48B1-9E15-38FE2D95D377}"
EndProject
Project("{2150E333-8FDC-42A3-9474-1A3956D46DE8}") = "2.3Domain", "2.3Domain", "{862C35A5-B90D-4487-BFE5-1C3029CFCE1F}"
EndProject
Project("{2150E333-8FDC-42A3-9474-1A3956D46DE8}") = "2.4Services", "2.4Services", "{09A4DD57-A01B-47FA-8C75-FD1B9CDC153F}"
EndProject
Project("{8BB2217D-0F2D-49D1-97BC-3654ED321F3B}") = "Resources.Services", "Resources.Services\Resources.Services.xproj", "{86E34AE4-7DD8-49C5-B56E-851F560732A8}"
EndProject
Project("{2150E333-8FDC-42A3-9474-1A3956D46DE8}") = "3.Surveillance", "3.Surveillance", "{1F794686-FB44-4021-BC89-0B2B48CE2989}"
EndProject
Project("{2150E333-8FDC-42A3-9474-1A3956D46DE8}") = "4.PAPS", "4.PAPS", "{1535176C-14A6-45CE-89E6-CB55C68E1F6E}"
EndProject
Project("{2150E333-8FDC-42A3-9474-1A3956D46DE8}") = "5.AlarmAndPlan", "5.AlarmAndPlan", "{6F99DDFE-37E4-4C5E-B244-59DE4B39F37F}"
EndProject
Project("{2150E333-8FDC-42A3-9474-1A3956D46DE8}") = "6.SystemMaintenance", "6.SystemMaintenance", "{ECEB0817-040A-4FE5-86B4-5961E4CFCA09}"
EndProject
Project("{2150E333-8FDC-42A3-9474-1A3956D46DE8}") = "3.2Data", "3.2Data", "{7A72C4FD-D6C9-4BF8-9C98-88E30B8CE45A}"
EndProject
Project("{8BB2217D-0F2D-49D1-97BC-3654ED321F3B}") = "Surveillance.ViewModel", "Surveillance.ViewModel\Surveillance.ViewModel.xproj", "{626AF9F9-C5C4-43AC-A8C5-CCE86C6A87CE}"
EndProject
Project("{2150E333-8FDC-42A3-9474-1A3956D46DE8}") = "4.1Model", "4.1Model", "{EF43A073-21B8-414B-9E72-2ED167EC06DC}"
EndProject
Project("{8BB2217D-0F2D-49D1-97BC-3654ED321F3B}") = "PAPS.Model", "PAPS.Model\PAPS.Model.xproj", "{C4EB1CC0-FCB2-4867-A3F9-21B299B2168F}"
EndProject
Project("{2150E333-8FDC-42A3-9474-1A3956D46DE8}") = "4.2Data", "4.2Data", "{A5848713-7040-4306-BD94-3C5FD18D3864}"
EndProject
Project("{8BB2217D-0F2D-49D1-97BC-3654ED321F3B}") = "PAPS.Data", "PAPS.Data\PAPS.Data.xproj", "{4217C0AC-4801-4E6E-B472-315D952EC931}"
EndProject
Project("{2150E333-8FDC-42A3-9474-1A3956D46DE8}") = "6.1Model", "6.1Model", "{B42CF36A-D672-47ED-A81C-9F5D50CC83F1}"
EndProject
Project("{8BB2217D-0F2D-49D1-97BC-3654ED321F3B}") = "SystemMaintenance.Model", "SystemMaintenance.Model\SystemMaintenance.Model.xproj", "{C14F2641-1463-4B78-8A50-39F774946911}"
EndProject
Project("{2150E333-8FDC-42A3-9474-1A3956D46DE8}") = "5.1Model", "5.1Model", "{9F7C6C4D-E90A-4368-A10E-E2C16840DC77}"
EndProject
Project("{8BB2217D-0F2D-49D1-97BC-3654ED321F3B}") = "AlarmAndPlan.Model", "AlarmAndPlan.Model\AlarmAndPlan.Model.xproj", "{26F333CC-0173-4929-AAEF-E155C8935ADF}"
EndProject
Project("{8BB2217D-0F2D-49D1-97BC-3654ED321F3B}") = "AllInOneContext", "AllInOneContext\AllInOneContext.xproj", "{E52A7532-DB6B-4E25-87FA-07C4FC876620}"
EndProject
Project("{2150E333-8FDC-42A3-9474-1A3956D46DE8}") = "5.4Services", "5.4Services", "{67B1A33C-3FB1-4241-9A95-048CA61710B3}"
EndProject
Project("{8BB2217D-0F2D-49D1-97BC-3654ED321F3B}") = "AlarmAndPlan.Services", "AlarmAndPlan.Services\AlarmAndPlan.Services.xproj", "{A0A16783-A0C2-4844-95D3-9E2FBDFDA821}"
EndProject
Project("{8BB2217D-0F2D-49D1-97BC-3654ED321F3B}") = "Infrastructure.Services", "Infrastructure.Services\Infrastructure.Services.xproj", "{978098EF-6A98-4280-86F3-027E5A10F955}"
EndProject
Project("{8BB2217D-0F2D-49D1-97BC-3654ED321F3B}") = "Resource.Domain", "Resource.Domain\Resource.Domain.xproj", "{252417DC-E21F-443F-818A-5364D15986D3}"
EndProject
Project("{2150E333-8FDC-42A3-9474-1A3956D46DE8}") = "4.3Domain", "4.3Domain", "{47DB3118-0D4A-4DA3-A725-9E5B805FA546}"
EndProject
Project("{2150E333-8FDC-42A3-9474-1A3956D46DE8}") = "4.4Services", "4.4Services", "{87C70D8D-AE33-439D-B5A8-E865BF127FC4}"
EndProject
Project("{8BB2217D-0F2D-49D1-97BC-3654ED321F3B}") = "PAPS.Services", "PAPS.Services\PAPS.Services.xproj", "{ACD2BE0F-7CF6-410B-BB62-B0F78309B3A6}"
EndProject
Project("{F088123C-0E9E-452A-89E6-6BA2F21D5CAC}") = "AllInOneDiagram", "AllInOne\AllInOneDiagram.modelproj", "{6424413B-2EBE-46AB-A011-959FCC0E96ED}"
EndProject
Project("{8BB2217D-0F2D-49D1-97BC-3654ED321F3B}") = "TaskServer", "TaskServer\TaskServer.xproj", "{9EE4417E-DF87-4BAB-A1C6-CA305D2DB5AD}"
EndProject
Project("{2150E333-8FDC-42A3-9474-1A3956D46DE8}") = "3.4Services", "3.4Services", "{6B643499-CD64-4F06-BD5D-CAB3FD77F498}"
EndProject
Project("{8BB2217D-0F2D-49D1-97BC-3654ED321F3B}") = "Surveillance.Services", "Surveillance.Services\Surveillance.Services.xproj", "{9C7E8968-7AE2-4115-9BD2-CD352D12B117}"
EndProject
Project("{2150E333-8FDC-42A3-9474-1A3956D46DE8}") = "3.1Model", "3.1Model", "{5BE6BA6F-2FBC-46FA-9E37-D728AAE06456}"
EndProject
Project("{8BB2217D-0F2D-49D1-97BC-3654ED321F3B}") = "Surveillance.Model", "Surveillance.Model\Surveillance.Model.xproj", "{B958A4C1-EE14-4252-A950-BD701DC0AE9B}"
EndProject
Project("{8BB2217D-0F2D-49D1-97BC-3654ED321F3B}") = "HttpClientEx", "HttpClientEx\HttpClientEx.xproj", "{C618417F-AEE0-4573-87AD-CCEC901543E7}"
EndProject
Project("{8BB2217D-0F2D-49D1-97BC-3654ED321F3B}") = "Infrastructure.Utility", "Infrastructure.Utility\Infrastructure.Utility.xproj", "{955C4FB8-8EB0-43C7-B7CE-EFF0FCED4B05}"
EndProject
Project("{8BB2217D-0F2D-49D1-97BC-3654ED321F3B}") = "MainServer", "MainServer\MainServer.xproj", "{E74402DB-AAD1-4749-B84E-C6ABA9C4276D}"
EndProject
Project("{8BB2217D-0F2D-49D1-97BC-3654ED321F3B}") = "DasMulli.Win32.ServiceUtils", "DasMulli.Win32.ServiceUtils\DasMulli.Win32.ServiceUtils.xproj", "{EF3F265C-DD53-4BA8-866A-E894A8D99986}"
EndProject
Project("{2150E333-8FDC-42A3-9474-1A3956D46DE8}") = "1.5Utility", "1.5Utility", "{0E83BB4D-8F6E-4D49-BB20-913C73959AD0}"
EndProject
Project("{E24C65DC-7377-472B-9ABA-BC803B73C61A}") = "PAPS.UI.Web", "..\PAPS.UI.Web\", "{18CE6126-A0D6-4A79-8F16-B5462EC53B6F}"
	ProjectSection(WebsiteProperties) = preProject
		TargetFrameworkMoniker = ".NETFramework,Version%3Dv4.6.1"
		Debug.AspNetCompiler.VirtualPath = "/localhost_2365"
		Debug.AspNetCompiler.PhysicalPath = "..\PAPS.UI.Web\"
		Debug.AspNetCompiler.TargetPath = "PrecompiledWeb\localhost_2365\"
		Debug.AspNetCompiler.Updateable = "true"
		Debug.AspNetCompiler.ForceOverwrite = "true"
		Debug.AspNetCompiler.FixedNames = "false"
		Debug.AspNetCompiler.Debug = "True"
		Release.AspNetCompiler.VirtualPath = "/localhost_2365"
		Release.AspNetCompiler.PhysicalPath = "..\PAPS.UI.Web\"
		Release.AspNetCompiler.TargetPath = "PrecompiledWeb\localhost_2365\"
		Release.AspNetCompiler.Updateable = "true"
		Release.AspNetCompiler.ForceOverwrite = "true"
		Release.AspNetCompiler.FixedNames = "false"
		Release.AspNetCompiler.Debug = "False"
		VWDPort = "2365"
		SlnRelativePath = "..\PAPS.UI.Web\"
	EndProjectSection
EndProject
Global
	GlobalSection(SolutionConfigurationPlatforms) = preSolution
		Debug|Any CPU = Debug|Any CPU
		Debug|x86 = Debug|x86
		Release|Any CPU = Release|Any CPU
		Release|x86 = Release|x86
	EndGlobalSection
	GlobalSection(ProjectConfigurationPlatforms) = postSolution
		{D87CD7D7-BE52-418F-A227-41EA0E9AF0BD}.Debug|Any CPU.ActiveCfg = Debug|Any CPU
		{D87CD7D7-BE52-418F-A227-41EA0E9AF0BD}.Debug|Any CPU.Build.0 = Debug|Any CPU
		{D87CD7D7-BE52-418F-A227-41EA0E9AF0BD}.Debug|x86.ActiveCfg = Debug|Any CPU
		{D87CD7D7-BE52-418F-A227-41EA0E9AF0BD}.Debug|x86.Build.0 = Debug|Any CPU
		{D87CD7D7-BE52-418F-A227-41EA0E9AF0BD}.Release|Any CPU.ActiveCfg = Release|Any CPU
		{D87CD7D7-BE52-418F-A227-41EA0E9AF0BD}.Release|Any CPU.Build.0 = Release|Any CPU
		{D87CD7D7-BE52-418F-A227-41EA0E9AF0BD}.Release|x86.ActiveCfg = Release|Any CPU
		{D87CD7D7-BE52-418F-A227-41EA0E9AF0BD}.Release|x86.Build.0 = Release|Any CPU
		{2EA2F648-1917-4F38-8C63-C9EE800CC3C2}.Debug|Any CPU.ActiveCfg = Debug|Any CPU
		{2EA2F648-1917-4F38-8C63-C9EE800CC3C2}.Debug|Any CPU.Build.0 = Debug|Any CPU
		{2EA2F648-1917-4F38-8C63-C9EE800CC3C2}.Debug|x86.ActiveCfg = Debug|Any CPU
		{2EA2F648-1917-4F38-8C63-C9EE800CC3C2}.Debug|x86.Build.0 = Debug|Any CPU
		{2EA2F648-1917-4F38-8C63-C9EE800CC3C2}.Release|Any CPU.ActiveCfg = Release|Any CPU
		{2EA2F648-1917-4F38-8C63-C9EE800CC3C2}.Release|Any CPU.Build.0 = Release|Any CPU
		{2EA2F648-1917-4F38-8C63-C9EE800CC3C2}.Release|x86.ActiveCfg = Release|Any CPU
		{2EA2F648-1917-4F38-8C63-C9EE800CC3C2}.Release|x86.Build.0 = Release|Any CPU
		{F520C3E3-F7F6-4658-83A1-B6EB37A4C071}.Debug|Any CPU.ActiveCfg = Debug|Any CPU
		{F520C3E3-F7F6-4658-83A1-B6EB37A4C071}.Debug|Any CPU.Build.0 = Debug|Any CPU
		{F520C3E3-F7F6-4658-83A1-B6EB37A4C071}.Debug|x86.ActiveCfg = Debug|Any CPU
		{F520C3E3-F7F6-4658-83A1-B6EB37A4C071}.Debug|x86.Build.0 = Debug|Any CPU
		{F520C3E3-F7F6-4658-83A1-B6EB37A4C071}.Release|Any CPU.ActiveCfg = Release|Any CPU
		{F520C3E3-F7F6-4658-83A1-B6EB37A4C071}.Release|Any CPU.Build.0 = Release|Any CPU
		{F520C3E3-F7F6-4658-83A1-B6EB37A4C071}.Release|x86.ActiveCfg = Release|Any CPU
		{F520C3E3-F7F6-4658-83A1-B6EB37A4C071}.Release|x86.Build.0 = Release|Any CPU
		{38712ECA-87B1-48B1-9E15-38FE2D95D377}.Debug|Any CPU.ActiveCfg = Debug|Any CPU
		{38712ECA-87B1-48B1-9E15-38FE2D95D377}.Debug|Any CPU.Build.0 = Debug|Any CPU
		{38712ECA-87B1-48B1-9E15-38FE2D95D377}.Debug|x86.ActiveCfg = Debug|Any CPU
		{38712ECA-87B1-48B1-9E15-38FE2D95D377}.Debug|x86.Build.0 = Debug|Any CPU
		{38712ECA-87B1-48B1-9E15-38FE2D95D377}.Release|Any CPU.ActiveCfg = Release|Any CPU
		{38712ECA-87B1-48B1-9E15-38FE2D95D377}.Release|Any CPU.Build.0 = Release|Any CPU
		{38712ECA-87B1-48B1-9E15-38FE2D95D377}.Release|x86.ActiveCfg = Release|Any CPU
		{38712ECA-87B1-48B1-9E15-38FE2D95D377}.Release|x86.Build.0 = Release|Any CPU
		{86E34AE4-7DD8-49C5-B56E-851F560732A8}.Debug|Any CPU.ActiveCfg = Debug|Any CPU
		{86E34AE4-7DD8-49C5-B56E-851F560732A8}.Debug|Any CPU.Build.0 = Debug|Any CPU
		{86E34AE4-7DD8-49C5-B56E-851F560732A8}.Debug|x86.ActiveCfg = Debug|Any CPU
		{86E34AE4-7DD8-49C5-B56E-851F560732A8}.Debug|x86.Build.0 = Debug|Any CPU
		{86E34AE4-7DD8-49C5-B56E-851F560732A8}.Release|Any CPU.ActiveCfg = Release|Any CPU
		{86E34AE4-7DD8-49C5-B56E-851F560732A8}.Release|Any CPU.Build.0 = Release|Any CPU
		{86E34AE4-7DD8-49C5-B56E-851F560732A8}.Release|x86.ActiveCfg = Release|Any CPU
		{86E34AE4-7DD8-49C5-B56E-851F560732A8}.Release|x86.Build.0 = Release|Any CPU
		{626AF9F9-C5C4-43AC-A8C5-CCE86C6A87CE}.Debug|Any CPU.ActiveCfg = Debug|Any CPU
		{626AF9F9-C5C4-43AC-A8C5-CCE86C6A87CE}.Debug|Any CPU.Build.0 = Debug|Any CPU
		{626AF9F9-C5C4-43AC-A8C5-CCE86C6A87CE}.Debug|x86.ActiveCfg = Debug|Any CPU
		{626AF9F9-C5C4-43AC-A8C5-CCE86C6A87CE}.Debug|x86.Build.0 = Debug|Any CPU
		{626AF9F9-C5C4-43AC-A8C5-CCE86C6A87CE}.Release|Any CPU.ActiveCfg = Release|Any CPU
		{626AF9F9-C5C4-43AC-A8C5-CCE86C6A87CE}.Release|Any CPU.Build.0 = Release|Any CPU
		{626AF9F9-C5C4-43AC-A8C5-CCE86C6A87CE}.Release|x86.ActiveCfg = Release|Any CPU
		{626AF9F9-C5C4-43AC-A8C5-CCE86C6A87CE}.Release|x86.Build.0 = Release|Any CPU
		{C4EB1CC0-FCB2-4867-A3F9-21B299B2168F}.Debug|Any CPU.ActiveCfg = Debug|Any CPU
		{C4EB1CC0-FCB2-4867-A3F9-21B299B2168F}.Debug|Any CPU.Build.0 = Debug|Any CPU
		{C4EB1CC0-FCB2-4867-A3F9-21B299B2168F}.Debug|x86.ActiveCfg = Debug|Any CPU
		{C4EB1CC0-FCB2-4867-A3F9-21B299B2168F}.Debug|x86.Build.0 = Debug|Any CPU
		{C4EB1CC0-FCB2-4867-A3F9-21B299B2168F}.Release|Any CPU.ActiveCfg = Release|Any CPU
		{C4EB1CC0-FCB2-4867-A3F9-21B299B2168F}.Release|Any CPU.Build.0 = Release|Any CPU
		{C4EB1CC0-FCB2-4867-A3F9-21B299B2168F}.Release|x86.ActiveCfg = Release|Any CPU
		{C4EB1CC0-FCB2-4867-A3F9-21B299B2168F}.Release|x86.Build.0 = Release|Any CPU
		{4217C0AC-4801-4E6E-B472-315D952EC931}.Debug|Any CPU.ActiveCfg = Debug|Any CPU
		{4217C0AC-4801-4E6E-B472-315D952EC931}.Debug|Any CPU.Build.0 = Debug|Any CPU
		{4217C0AC-4801-4E6E-B472-315D952EC931}.Debug|x86.ActiveCfg = Debug|Any CPU
		{4217C0AC-4801-4E6E-B472-315D952EC931}.Debug|x86.Build.0 = Debug|Any CPU
		{4217C0AC-4801-4E6E-B472-315D952EC931}.Release|Any CPU.ActiveCfg = Release|Any CPU
		{4217C0AC-4801-4E6E-B472-315D952EC931}.Release|Any CPU.Build.0 = Release|Any CPU
		{4217C0AC-4801-4E6E-B472-315D952EC931}.Release|x86.ActiveCfg = Release|Any CPU
		{4217C0AC-4801-4E6E-B472-315D952EC931}.Release|x86.Build.0 = Release|Any CPU
		{C14F2641-1463-4B78-8A50-39F774946911}.Debug|Any CPU.ActiveCfg = Debug|Any CPU
		{C14F2641-1463-4B78-8A50-39F774946911}.Debug|Any CPU.Build.0 = Debug|Any CPU
		{C14F2641-1463-4B78-8A50-39F774946911}.Debug|x86.ActiveCfg = Debug|Any CPU
		{C14F2641-1463-4B78-8A50-39F774946911}.Debug|x86.Build.0 = Debug|Any CPU
		{C14F2641-1463-4B78-8A50-39F774946911}.Release|Any CPU.ActiveCfg = Release|Any CPU
		{C14F2641-1463-4B78-8A50-39F774946911}.Release|Any CPU.Build.0 = Release|Any CPU
		{C14F2641-1463-4B78-8A50-39F774946911}.Release|x86.ActiveCfg = Release|Any CPU
		{C14F2641-1463-4B78-8A50-39F774946911}.Release|x86.Build.0 = Release|Any CPU
		{26F333CC-0173-4929-AAEF-E155C8935ADF}.Debug|Any CPU.ActiveCfg = Debug|Any CPU
		{26F333CC-0173-4929-AAEF-E155C8935ADF}.Debug|Any CPU.Build.0 = Debug|Any CPU
		{26F333CC-0173-4929-AAEF-E155C8935ADF}.Debug|x86.ActiveCfg = Debug|Any CPU
		{26F333CC-0173-4929-AAEF-E155C8935ADF}.Debug|x86.Build.0 = Debug|Any CPU
		{26F333CC-0173-4929-AAEF-E155C8935ADF}.Release|Any CPU.ActiveCfg = Release|Any CPU
		{26F333CC-0173-4929-AAEF-E155C8935ADF}.Release|Any CPU.Build.0 = Release|Any CPU
		{26F333CC-0173-4929-AAEF-E155C8935ADF}.Release|x86.ActiveCfg = Release|Any CPU
		{26F333CC-0173-4929-AAEF-E155C8935ADF}.Release|x86.Build.0 = Release|Any CPU
		{E52A7532-DB6B-4E25-87FA-07C4FC876620}.Debug|Any CPU.ActiveCfg = Debug|Any CPU
		{E52A7532-DB6B-4E25-87FA-07C4FC876620}.Debug|Any CPU.Build.0 = Debug|Any CPU
		{E52A7532-DB6B-4E25-87FA-07C4FC876620}.Debug|x86.ActiveCfg = Debug|Any CPU
		{E52A7532-DB6B-4E25-87FA-07C4FC876620}.Debug|x86.Build.0 = Debug|Any CPU
		{E52A7532-DB6B-4E25-87FA-07C4FC876620}.Release|Any CPU.ActiveCfg = Release|Any CPU
		{E52A7532-DB6B-4E25-87FA-07C4FC876620}.Release|Any CPU.Build.0 = Release|Any CPU
		{E52A7532-DB6B-4E25-87FA-07C4FC876620}.Release|x86.ActiveCfg = Release|Any CPU
		{E52A7532-DB6B-4E25-87FA-07C4FC876620}.Release|x86.Build.0 = Release|Any CPU
		{A0A16783-A0C2-4844-95D3-9E2FBDFDA821}.Debug|Any CPU.ActiveCfg = Debug|Any CPU
		{A0A16783-A0C2-4844-95D3-9E2FBDFDA821}.Debug|Any CPU.Build.0 = Debug|Any CPU
		{A0A16783-A0C2-4844-95D3-9E2FBDFDA821}.Debug|x86.ActiveCfg = Debug|Any CPU
		{A0A16783-A0C2-4844-95D3-9E2FBDFDA821}.Debug|x86.Build.0 = Debug|Any CPU
		{A0A16783-A0C2-4844-95D3-9E2FBDFDA821}.Release|Any CPU.ActiveCfg = Release|Any CPU
		{A0A16783-A0C2-4844-95D3-9E2FBDFDA821}.Release|Any CPU.Build.0 = Release|Any CPU
		{A0A16783-A0C2-4844-95D3-9E2FBDFDA821}.Release|x86.ActiveCfg = Release|Any CPU
		{A0A16783-A0C2-4844-95D3-9E2FBDFDA821}.Release|x86.Build.0 = Release|Any CPU
		{978098EF-6A98-4280-86F3-027E5A10F955}.Debug|Any CPU.ActiveCfg = Debug|Any CPU
		{978098EF-6A98-4280-86F3-027E5A10F955}.Debug|Any CPU.Build.0 = Debug|Any CPU
		{978098EF-6A98-4280-86F3-027E5A10F955}.Debug|x86.ActiveCfg = Debug|Any CPU
		{978098EF-6A98-4280-86F3-027E5A10F955}.Debug|x86.Build.0 = Debug|Any CPU
		{978098EF-6A98-4280-86F3-027E5A10F955}.Release|Any CPU.ActiveCfg = Release|Any CPU
		{978098EF-6A98-4280-86F3-027E5A10F955}.Release|Any CPU.Build.0 = Release|Any CPU
		{978098EF-6A98-4280-86F3-027E5A10F955}.Release|x86.ActiveCfg = Release|Any CPU
		{978098EF-6A98-4280-86F3-027E5A10F955}.Release|x86.Build.0 = Release|Any CPU
		{252417DC-E21F-443F-818A-5364D15986D3}.Debug|Any CPU.ActiveCfg = Debug|Any CPU
		{252417DC-E21F-443F-818A-5364D15986D3}.Debug|Any CPU.Build.0 = Debug|Any CPU
		{252417DC-E21F-443F-818A-5364D15986D3}.Debug|x86.ActiveCfg = Debug|Any CPU
		{252417DC-E21F-443F-818A-5364D15986D3}.Debug|x86.Build.0 = Debug|Any CPU
		{252417DC-E21F-443F-818A-5364D15986D3}.Release|Any CPU.ActiveCfg = Release|Any CPU
		{252417DC-E21F-443F-818A-5364D15986D3}.Release|Any CPU.Build.0 = Release|Any CPU
		{252417DC-E21F-443F-818A-5364D15986D3}.Release|x86.ActiveCfg = Release|Any CPU
		{252417DC-E21F-443F-818A-5364D15986D3}.Release|x86.Build.0 = Release|Any CPU
		{ACD2BE0F-7CF6-410B-BB62-B0F78309B3A6}.Debug|Any CPU.ActiveCfg = Debug|Any CPU
		{ACD2BE0F-7CF6-410B-BB62-B0F78309B3A6}.Debug|Any CPU.Build.0 = Debug|Any CPU
		{ACD2BE0F-7CF6-410B-BB62-B0F78309B3A6}.Debug|x86.ActiveCfg = Debug|Any CPU
		{ACD2BE0F-7CF6-410B-BB62-B0F78309B3A6}.Debug|x86.Build.0 = Debug|Any CPU
		{ACD2BE0F-7CF6-410B-BB62-B0F78309B3A6}.Release|Any CPU.ActiveCfg = Release|Any CPU
		{ACD2BE0F-7CF6-410B-BB62-B0F78309B3A6}.Release|Any CPU.Build.0 = Release|Any CPU
		{ACD2BE0F-7CF6-410B-BB62-B0F78309B3A6}.Release|x86.ActiveCfg = Release|Any CPU
		{ACD2BE0F-7CF6-410B-BB62-B0F78309B3A6}.Release|x86.Build.0 = Release|Any CPU
		{6424413B-2EBE-46AB-A011-959FCC0E96ED}.Debug|Any CPU.ActiveCfg = Debug|Any CPU
		{6424413B-2EBE-46AB-A011-959FCC0E96ED}.Debug|Any CPU.Build.0 = Debug|Any CPU
		{6424413B-2EBE-46AB-A011-959FCC0E96ED}.Debug|x86.ActiveCfg = Debug|Any CPU
		{6424413B-2EBE-46AB-A011-959FCC0E96ED}.Debug|x86.Build.0 = Debug|Any CPU
		{6424413B-2EBE-46AB-A011-959FCC0E96ED}.Release|Any CPU.ActiveCfg = Release|Any CPU
		{6424413B-2EBE-46AB-A011-959FCC0E96ED}.Release|Any CPU.Build.0 = Release|Any CPU
		{6424413B-2EBE-46AB-A011-959FCC0E96ED}.Release|x86.ActiveCfg = Release|Any CPU
		{6424413B-2EBE-46AB-A011-959FCC0E96ED}.Release|x86.Build.0 = Release|Any CPU
		{9EE4417E-DF87-4BAB-A1C6-CA305D2DB5AD}.Debug|Any CPU.ActiveCfg = Debug|Any CPU
		{9EE4417E-DF87-4BAB-A1C6-CA305D2DB5AD}.Debug|Any CPU.Build.0 = Debug|Any CPU
		{9EE4417E-DF87-4BAB-A1C6-CA305D2DB5AD}.Debug|x86.ActiveCfg = Debug|Any CPU
		{9EE4417E-DF87-4BAB-A1C6-CA305D2DB5AD}.Debug|x86.Build.0 = Debug|Any CPU
		{9EE4417E-DF87-4BAB-A1C6-CA305D2DB5AD}.Release|Any CPU.ActiveCfg = Release|Any CPU
		{9EE4417E-DF87-4BAB-A1C6-CA305D2DB5AD}.Release|Any CPU.Build.0 = Release|Any CPU
		{9EE4417E-DF87-4BAB-A1C6-CA305D2DB5AD}.Release|x86.ActiveCfg = Release|Any CPU
		{9EE4417E-DF87-4BAB-A1C6-CA305D2DB5AD}.Release|x86.Build.0 = Release|Any CPU
		{9C7E8968-7AE2-4115-9BD2-CD352D12B117}.Debug|Any CPU.ActiveCfg = Debug|Any CPU
		{9C7E8968-7AE2-4115-9BD2-CD352D12B117}.Debug|Any CPU.Build.0 = Debug|Any CPU
		{9C7E8968-7AE2-4115-9BD2-CD352D12B117}.Debug|x86.ActiveCfg = Debug|Any CPU
		{9C7E8968-7AE2-4115-9BD2-CD352D12B117}.Debug|x86.Build.0 = Debug|Any CPU
		{9C7E8968-7AE2-4115-9BD2-CD352D12B117}.Release|Any CPU.ActiveCfg = Release|Any CPU
		{9C7E8968-7AE2-4115-9BD2-CD352D12B117}.Release|Any CPU.Build.0 = Release|Any CPU
		{9C7E8968-7AE2-4115-9BD2-CD352D12B117}.Release|x86.ActiveCfg = Release|Any CPU
		{9C7E8968-7AE2-4115-9BD2-CD352D12B117}.Release|x86.Build.0 = Release|Any CPU
		{B958A4C1-EE14-4252-A950-BD701DC0AE9B}.Debug|Any CPU.ActiveCfg = Debug|Any CPU
		{B958A4C1-EE14-4252-A950-BD701DC0AE9B}.Debug|Any CPU.Build.0 = Debug|Any CPU
		{B958A4C1-EE14-4252-A950-BD701DC0AE9B}.Debug|x86.ActiveCfg = Debug|Any CPU
		{B958A4C1-EE14-4252-A950-BD701DC0AE9B}.Debug|x86.Build.0 = Debug|Any CPU
		{B958A4C1-EE14-4252-A950-BD701DC0AE9B}.Release|Any CPU.ActiveCfg = Release|Any CPU
		{B958A4C1-EE14-4252-A950-BD701DC0AE9B}.Release|Any CPU.Build.0 = Release|Any CPU
		{B958A4C1-EE14-4252-A950-BD701DC0AE9B}.Release|x86.ActiveCfg = Release|Any CPU
		{B958A4C1-EE14-4252-A950-BD701DC0AE9B}.Release|x86.Build.0 = Release|Any CPU
		{C618417F-AEE0-4573-87AD-CCEC901543E7}.Debug|Any CPU.ActiveCfg = Debug|Any CPU
		{C618417F-AEE0-4573-87AD-CCEC901543E7}.Debug|Any CPU.Build.0 = Debug|Any CPU
		{C618417F-AEE0-4573-87AD-CCEC901543E7}.Debug|x86.ActiveCfg = Debug|Any CPU
		{C618417F-AEE0-4573-87AD-CCEC901543E7}.Debug|x86.Build.0 = Debug|Any CPU
		{C618417F-AEE0-4573-87AD-CCEC901543E7}.Release|Any CPU.ActiveCfg = Release|Any CPU
		{C618417F-AEE0-4573-87AD-CCEC901543E7}.Release|Any CPU.Build.0 = Release|Any CPU
		{C618417F-AEE0-4573-87AD-CCEC901543E7}.Release|x86.ActiveCfg = Release|Any CPU
		{C618417F-AEE0-4573-87AD-CCEC901543E7}.Release|x86.Build.0 = Release|Any CPU
		{955C4FB8-8EB0-43C7-B7CE-EFF0FCED4B05}.Debug|Any CPU.ActiveCfg = Debug|Any CPU
		{955C4FB8-8EB0-43C7-B7CE-EFF0FCED4B05}.Debug|Any CPU.Build.0 = Debug|Any CPU
		{955C4FB8-8EB0-43C7-B7CE-EFF0FCED4B05}.Debug|x86.ActiveCfg = Debug|Any CPU
		{955C4FB8-8EB0-43C7-B7CE-EFF0FCED4B05}.Debug|x86.Build.0 = Debug|Any CPU
		{955C4FB8-8EB0-43C7-B7CE-EFF0FCED4B05}.Release|Any CPU.ActiveCfg = Release|Any CPU
		{955C4FB8-8EB0-43C7-B7CE-EFF0FCED4B05}.Release|Any CPU.Build.0 = Release|Any CPU
		{955C4FB8-8EB0-43C7-B7CE-EFF0FCED4B05}.Release|x86.ActiveCfg = Release|Any CPU
		{955C4FB8-8EB0-43C7-B7CE-EFF0FCED4B05}.Release|x86.Build.0 = Release|Any CPU
		{E74402DB-AAD1-4749-B84E-C6ABA9C4276D}.Debug|Any CPU.ActiveCfg = Debug|Any CPU
		{E74402DB-AAD1-4749-B84E-C6ABA9C4276D}.Debug|Any CPU.Build.0 = Debug|Any CPU
		{E74402DB-AAD1-4749-B84E-C6ABA9C4276D}.Debug|x86.ActiveCfg = Debug|Any CPU
		{E74402DB-AAD1-4749-B84E-C6ABA9C4276D}.Debug|x86.Build.0 = Debug|Any CPU
		{E74402DB-AAD1-4749-B84E-C6ABA9C4276D}.Release|Any CPU.ActiveCfg = Release|Any CPU
		{E74402DB-AAD1-4749-B84E-C6ABA9C4276D}.Release|Any CPU.Build.0 = Release|Any CPU
		{E74402DB-AAD1-4749-B84E-C6ABA9C4276D}.Release|x86.ActiveCfg = Release|Any CPU
		{E74402DB-AAD1-4749-B84E-C6ABA9C4276D}.Release|x86.Build.0 = Release|Any CPU
		{EF3F265C-DD53-4BA8-866A-E894A8D99986}.Debug|Any CPU.ActiveCfg = Debug|Any CPU
		{EF3F265C-DD53-4BA8-866A-E894A8D99986}.Debug|Any CPU.Build.0 = Debug|Any CPU
		{EF3F265C-DD53-4BA8-866A-E894A8D99986}.Debug|x86.ActiveCfg = Debug|Any CPU
		{EF3F265C-DD53-4BA8-866A-E894A8D99986}.Debug|x86.Build.0 = Debug|Any CPU
		{EF3F265C-DD53-4BA8-866A-E894A8D99986}.Release|Any CPU.ActiveCfg = Release|Any CPU
		{EF3F265C-DD53-4BA8-866A-E894A8D99986}.Release|Any CPU.Build.0 = Release|Any CPU
		{EF3F265C-DD53-4BA8-866A-E894A8D99986}.Release|x86.ActiveCfg = Release|Any CPU
		{EF3F265C-DD53-4BA8-866A-E894A8D99986}.Release|x86.Build.0 = Release|Any CPU
		{18CE6126-A0D6-4A79-8F16-B5462EC53B6F}.Debug|Any CPU.ActiveCfg = Debug|Any CPU
		{18CE6126-A0D6-4A79-8F16-B5462EC53B6F}.Debug|Any CPU.Build.0 = Debug|Any CPU
		{18CE6126-A0D6-4A79-8F16-B5462EC53B6F}.Debug|x86.ActiveCfg = Debug|Any CPU
		{18CE6126-A0D6-4A79-8F16-B5462EC53B6F}.Debug|x86.Build.0 = Debug|Any CPU
		{18CE6126-A0D6-4A79-8F16-B5462EC53B6F}.Release|Any CPU.ActiveCfg = Debug|Any CPU
		{18CE6126-A0D6-4A79-8F16-B5462EC53B6F}.Release|Any CPU.Build.0 = Debug|Any CPU
		{18CE6126-A0D6-4A79-8F16-B5462EC53B6F}.Release|x86.ActiveCfg = Debug|Any CPU
		{18CE6126-A0D6-4A79-8F16-B5462EC53B6F}.Release|x86.Build.0 = Debug|Any CPU
	EndGlobalSection
	GlobalSection(SolutionProperties) = preSolution
		HideSolutionNode = FALSE
	EndGlobalSection
	GlobalSection(NestedProjects) = preSolution
		{A718563A-D882-4EA7-867D-C73A30701924} = {8258C0E5-59FD-4B7A-A28A-AF42ECEBA191}
		{32A2607D-4866-4323-9E45-CCB4292947EA} = {8258C0E5-59FD-4B7A-A28A-AF42ECEBA191}
		{9C3A51F0-9F0A-4A62-BA21-58EA17D61D3D} = {8258C0E5-59FD-4B7A-A28A-AF42ECEBA191}
		{EF608817-1FA8-4790-8747-DC38463020A3} = {8258C0E5-59FD-4B7A-A28A-AF42ECEBA191}
		{D87CD7D7-BE52-418F-A227-41EA0E9AF0BD} = {32A2607D-4866-4323-9E45-CCB4292947EA}
		{2EA2F648-1917-4F38-8C63-C9EE800CC3C2} = {A718563A-D882-4EA7-867D-C73A30701924}
		{1C76A344-6053-425D-900A-62CAF13D8B66} = {C1F730CF-15A3-41FC-ABA8-98FAC1484E70}
		{F520C3E3-F7F6-4658-83A1-B6EB37A4C071} = {1C76A344-6053-425D-900A-62CAF13D8B66}
		{0378D5C3-7BBF-4ADE-9FE4-302A078F9A06} = {C1F730CF-15A3-41FC-ABA8-98FAC1484E70}
		{38712ECA-87B1-48B1-9E15-38FE2D95D377} = {0378D5C3-7BBF-4ADE-9FE4-302A078F9A06}
		{862C35A5-B90D-4487-BFE5-1C3029CFCE1F} = {C1F730CF-15A3-41FC-ABA8-98FAC1484E70}
		{09A4DD57-A01B-47FA-8C75-FD1B9CDC153F} = {C1F730CF-15A3-41FC-ABA8-98FAC1484E70}
		{86E34AE4-7DD8-49C5-B56E-851F560732A8} = {09A4DD57-A01B-47FA-8C75-FD1B9CDC153F}
		{7A72C4FD-D6C9-4BF8-9C98-88E30B8CE45A} = {1F794686-FB44-4021-BC89-0B2B48CE2989}
		{626AF9F9-C5C4-43AC-A8C5-CCE86C6A87CE} = {7A72C4FD-D6C9-4BF8-9C98-88E30B8CE45A}
		{EF43A073-21B8-414B-9E72-2ED167EC06DC} = {1535176C-14A6-45CE-89E6-CB55C68E1F6E}
		{C4EB1CC0-FCB2-4867-A3F9-21B299B2168F} = {EF43A073-21B8-414B-9E72-2ED167EC06DC}
		{A5848713-7040-4306-BD94-3C5FD18D3864} = {1535176C-14A6-45CE-89E6-CB55C68E1F6E}
		{4217C0AC-4801-4E6E-B472-315D952EC931} = {A5848713-7040-4306-BD94-3C5FD18D3864}
		{B42CF36A-D672-47ED-A81C-9F5D50CC83F1} = {ECEB0817-040A-4FE5-86B4-5961E4CFCA09}
		{C14F2641-1463-4B78-8A50-39F774946911} = {B42CF36A-D672-47ED-A81C-9F5D50CC83F1}
		{9F7C6C4D-E90A-4368-A10E-E2C16840DC77} = {6F99DDFE-37E4-4C5E-B244-59DE4B39F37F}
		{26F333CC-0173-4929-AAEF-E155C8935ADF} = {9F7C6C4D-E90A-4368-A10E-E2C16840DC77}
		{67B1A33C-3FB1-4241-9A95-048CA61710B3} = {6F99DDFE-37E4-4C5E-B244-59DE4B39F37F}
		{A0A16783-A0C2-4844-95D3-9E2FBDFDA821} = {67B1A33C-3FB1-4241-9A95-048CA61710B3}
		{978098EF-6A98-4280-86F3-027E5A10F955} = {EF608817-1FA8-4790-8747-DC38463020A3}
		{252417DC-E21F-443F-818A-5364D15986D3} = {862C35A5-B90D-4487-BFE5-1C3029CFCE1F}
		{47DB3118-0D4A-4DA3-A725-9E5B805FA546} = {1535176C-14A6-45CE-89E6-CB55C68E1F6E}
		{87C70D8D-AE33-439D-B5A8-E865BF127FC4} = {1535176C-14A6-45CE-89E6-CB55C68E1F6E}
		{ACD2BE0F-7CF6-410B-BB62-B0F78309B3A6} = {87C70D8D-AE33-439D-B5A8-E865BF127FC4}
		{9EE4417E-DF87-4BAB-A1C6-CA305D2DB5AD} = {6F99DDFE-37E4-4C5E-B244-59DE4B39F37F}
		{6B643499-CD64-4F06-BD5D-CAB3FD77F498} = {1F794686-FB44-4021-BC89-0B2B48CE2989}
		{9C7E8968-7AE2-4115-9BD2-CD352D12B117} = {6B643499-CD64-4F06-BD5D-CAB3FD77F498}
		{5BE6BA6F-2FBC-46FA-9E37-D728AAE06456} = {1F794686-FB44-4021-BC89-0B2B48CE2989}
		{B958A4C1-EE14-4252-A950-BD701DC0AE9B} = {5BE6BA6F-2FBC-46FA-9E37-D728AAE06456}
		{C618417F-AEE0-4573-87AD-CCEC901543E7} = {0E83BB4D-8F6E-4D49-BB20-913C73959AD0}
		{955C4FB8-8EB0-43C7-B7CE-EFF0FCED4B05} = {0E83BB4D-8F6E-4D49-BB20-913C73959AD0}
		{EF3F265C-DD53-4BA8-866A-E894A8D99986} = {0E83BB4D-8F6E-4D49-BB20-913C73959AD0}
		{0E83BB4D-8F6E-4D49-BB20-913C73959AD0} = {8258C0E5-59FD-4B7A-A28A-AF42ECEBA191}
	EndGlobalSection
EndGlobal
